
Microsoft Visual Studio Solution File, Format Version 12.00
# Visual Studio 15
VisualStudioVersion = 15.0.27703.2042
MinimumVisualStudioVersion = 10.0.40219.1
Project("{FAE04EC0-301F-11D3-BF4B-00C04F79EFBC}") = "TestFormService", "TestFormService\TestFormService.csproj", "{12053751-9414-4156-89F9-0E67F05690AB}"
EndProject
Project("{FAE04EC0-301F-11D3-BF4B-00C04F79EFBC}") = "TestFormService.Contract", "TestFormService.Contract\TestFormService.Contract.csproj", "{A31D9CC6-1267-49EB-9A42-989A62320C89}"
EndProject
Project("{FAE04EC0-301F-11D3-BF4B-00C04F79EFBC}") = "TestFormService.Implementation", "ITestFormService.Implementation\TestFormService.Implementation.csproj", "{589C74A8-289E-45CA-97FE-F04B7604E3BD}"
EndProject
Project("{FAE04EC0-301F-11D3-BF4B-00C04F79EFBC}") = "TestFormService.Tests", "TestFormService.Tests\TestFormService.Tests.csproj", "{220A017C-E423-4B5E-BDDC-99A291FA7075}"
EndProject
Global
	GlobalSection(SolutionConfigurationPlatforms) = preSolution
		Debug|Any CPU = Debug|Any CPU
		Release|Any CPU = Release|Any CPU
	EndGlobalSection
	GlobalSection(ProjectConfigurationPlatforms) = postSolution
		{12053751-9414-4156-89F9-0E67F05690AB}.Debug|Any CPU.ActiveCfg = Debug|Any CPU
		{12053751-9414-4156-89F9-0E67F05690AB}.Debug|Any CPU.Build.0 = Debug|Any CPU
		{12053751-9414-4156-89F9-0E67F05690AB}.Release|Any CPU.ActiveCfg = Release|Any CPU
		{12053751-9414-4156-89F9-0E67F05690AB}.Release|Any CPU.Build.0 = Release|Any CPU
		{A31D9CC6-1267-49EB-9A42-989A62320C89}.Debug|Any CPU.ActiveCfg = Debug|Any CPU
		{A31D9CC6-1267-49EB-9A42-989A62320C89}.Debug|Any CPU.Build.0 = Debug|Any CPU
		{A31D9CC6-1267-49EB-9A42-989A62320C89}.Release|Any CPU.ActiveCfg = Release|Any CPU
		{A31D9CC6-1267-49EB-9A42-989A62320C89}.Release|Any CPU.Build.0 = Release|Any CPU
		{589C74A8-289E-45CA-97FE-F04B7604E3BD}.Debug|Any CPU.ActiveCfg = Debug|Any CPU
		{589C74A8-289E-45CA-97FE-F04B7604E3BD}.Debug|Any CPU.Build.0 = Debug|Any CPU
		{589C74A8-289E-45CA-97FE-F04B7604E3BD}.Release|Any CPU.ActiveCfg = Release|Any CPU
		{589C74A8-289E-45CA-97FE-F04B7604E3BD}.Release|Any CPU.Build.0 = Release|Any CPU
		{220A017C-E423-4B5E-BDDC-99A291FA7075}.Debug|Any CPU.ActiveCfg = Debug|Any CPU
		{220A017C-E423-4B5E-BDDC-99A291FA7075}.Debug|Any CPU.Build.0 = Debug|Any CPU
		{220A017C-E423-4B5E-BDDC-99A291FA7075}.Release|Any CPU.ActiveCfg = Release|Any CPU
		{220A017C-E423-4B5E-BDDC-99A291FA7075}.Release|Any CPU.Build.0 = Release|Any CPU
	EndGlobalSection
	GlobalSection(SolutionProperties) = preSolution
		HideSolutionNode = FALSE
	EndGlobalSection
	GlobalSection(ExtensibilityGlobals) = postSolution
		SolutionGuid = {DF0E98DC-ED0D-4F8C-B3AD-D3E4983AC3AA}
	EndGlobalSection
EndGlobal
